
Microsoft Visual Studio Solution File, Format Version 12.00
# Visual Studio Version 16
VisualStudioVersion = 16.0.29009.5
MinimumVisualStudioVersion = 10.0.40219.1
Project("{8BC9CEB8-8B4A-11D0-8D11-00A0C91BC942}") = "Project", "Project\Project.vcxproj", "{D3C7DF18-9965-4E89-A4DF-828DB97DD700}"
EndProject
Global
	GlobalSection(SolutionConfigurationPlatforms) = preSolution
		Debug|x64 = Debug|x64
		Debug|x86 = Debug|x86
		Release|x64 = Release|x64
		Release|x86 = Release|x86
	EndGlobalSection
	GlobalSection(ProjectConfigurationPlatforms) = postSolution
		{D3C7DF18-9965-4E89-A4DF-828DB97DD700}.Debug|x64.ActiveCfg = Debug|x64
		{D3C7DF18-9965-4E89-A4DF-828DB97DD700}.Debug|x64.Build.0 = Debug|x64
		{D3C7DF18-9965-4E89-A4DF-828DB97DD700}.Debug|x86.ActiveCfg = Debug|Win32
		{D3C7DF18-9965-4E89-A4DF-828DB97DD700}.Debug|x86.Build.0 = Debug|Win32
		{D3C7DF18-9965-4E89-A4DF-828DB97DD700}.Release|x64.ActiveCfg = Release|x64
		{D3C7DF18-9965-4E89-A4DF-828DB97DD700}.Release|x64.Build.0 = Release|x64
		{D3C7DF18-9965-4E89-A4DF-828DB97DD700}.Release|x86.ActiveCfg = Release|Win32
		{D3C7DF18-9965-4E89-A4DF-828DB97DD700}.Release|x86.Build.0 = Release|Win32
	EndGlobalSection
	GlobalSection(SolutionProperties) = preSolution
		HideSolutionNode = FALSE
	EndGlobalSection
	GlobalSection(ExtensibilityGlobals) = postSolution
		SolutionGuid = {1B10943A-9F95-4082-9223-2500EF661CA3}
	EndGlobalSection
EndGlobal
